
Microsoft Visual Studio Solution File, Format Version 12.00
# Visual Studio Version 16
VisualStudioVersion = 16.0.31702.278
MinimumVisualStudioVersion = 10.0.40219.1
Project("{FAE04EC0-301F-11D3-BF4B-00C04F79EFBC}") = "stack Day14", "stack Day14.csproj", "{B3339942-3170-4974-B4A5-B0AE596EBF5B}"
EndProject
Global
	GlobalSection(SolutionConfigurationPlatforms) = preSolution
		Debug|Any CPU = Debug|Any CPU
		Release|Any CPU = Release|Any CPU
	EndGlobalSection
	GlobalSection(ProjectConfigurationPlatforms) = postSolution
		{B3339942-3170-4974-B4A5-B0AE596EBF5B}.Debug|Any CPU.ActiveCfg = Debug|Any CPU
		{B3339942-3170-4974-B4A5-B0AE596EBF5B}.Debug|Any CPU.Build.0 = Debug|Any CPU
		{B3339942-3170-4974-B4A5-B0AE596EBF5B}.Release|Any CPU.ActiveCfg = Release|Any CPU
		{B3339942-3170-4974-B4A5-B0AE596EBF5B}.Release|Any CPU.Build.0 = Release|Any CPU
	EndGlobalSection
	GlobalSection(SolutionProperties) = preSolution
		HideSolutionNode = FALSE
	EndGlobalSection
	GlobalSection(ExtensibilityGlobals) = postSolution
		SolutionGuid = {A38BCFCA-2FA0-4430-96B2-7FEECAD0931E}
	EndGlobalSection
EndGlobal
